// !$*UTF8*$!
{
	archiveVersion = 1;
	classes = {
	};
	objectVersion = 55;
	objects = {

/* Begin PBXBuildFile section */
		361009E628770E28003A8456 /* AppDelegate.swift in Sources */ = {isa = PBXBuildFile; fileRef = 361009E528770E28003A8456 /* AppDelegate.swift */; };
		361009E828770E28003A8456 /* SceneDelegate.swift in Sources */ = {isa = PBXBuildFile; fileRef = 361009E728770E28003A8456 /* SceneDelegate.swift */; };
		361009EA28770E28003A8456 /* ViewController.swift in Sources */ = {isa = PBXBuildFile; fileRef = 361009E928770E28003A8456 /* ViewController.swift */; };
		361009ED28770E28003A8456 /* Main.storyboard in Resources */ = {isa = PBXBuildFile; fileRef = 361009EB28770E28003A8456 /* Main.storyboard */; };
		361009EF28770E2A003A8456 /* Assets.xcassets in Resources */ = {isa = PBXBuildFile; fileRef = 361009EE28770E2A003A8456 /* Assets.xcassets */; };
		361009F228770E2A003A8456 /* LaunchScreen.storyboard in Resources */ = {isa = PBXBuildFile; fileRef = 361009F028770E2A003A8456 /* LaunchScreen.storyboard */; };
		361009FA28770E59003A8456 /* Book.swift in Sources */ = {isa = PBXBuildFile; fileRef = 361009F928770E59003A8456 /* Book.swift */; };
		361009FC28770E82003A8456 /* BookGenre.swift in Sources */ = {isa = PBXBuildFile; fileRef = 361009FB28770E82003A8456 /* BookGenre.swift */; };
		36100A00287715B1003A8456 /* NetworkManager.swift in Sources */ = {isa = PBXBuildFile; fileRef = 361009FF287715B1003A8456 /* NetworkManager.swift */; };
		36100A022877199E003A8456 /* BookStorage.swift in Sources */ = {isa = PBXBuildFile; fileRef = 36100A012877199E003A8456 /* BookStorage.swift */; };
/* End PBXBuildFile section */

/* Begin PBXFileReference section */
		361009E228770E28003A8456 /* challengeone.app */ = {isa = PBXFileReference; explicitFileType = wrapper.application; includeInIndex = 0; path = challengeone.app; sourceTree = BUILT_PRODUCTS_DIR; };
		361009E528770E28003A8456 /* AppDelegate.swift */ = {isa = PBXFileReference; lastKnownFileType = sourcecode.swift; path = AppDelegate.swift; sourceTree = "<group>"; };
		361009E728770E28003A8456 /* SceneDelegate.swift */ = {isa = PBXFileReference; lastKnownFileType = sourcecode.swift; path = SceneDelegate.swift; sourceTree = "<group>"; };
		361009E928770E28003A8456 /* ViewController.swift */ = {isa = PBXFileReference; lastKnownFileType = sourcecode.swift; path = ViewController.swift; sourceTree = "<group>"; };
		361009EC28770E28003A8456 /* Base */ = {isa = PBXFileReference; lastKnownFileType = file.storyboard; name = Base; path = Base.lproj/Main.storyboard; sourceTree = "<group>"; };
		361009EE28770E2A003A8456 /* Assets.xcassets */ = {isa = PBXFileReference; lastKnownFileType = folder.assetcatalog; path = Assets.xcassets; sourceTree = "<group>"; };
		361009F128770E2A003A8456 /* Base */ = {isa = PBXFileReference; lastKnownFileType = file.storyboard; name = Base; path = Base.lproj/LaunchScreen.storyboard; sourceTree = "<group>"; };
		361009F328770E2A003A8456 /* Info.plist */ = {isa = PBXFileReference; lastKnownFileType = text.plist.xml; path = Info.plist; sourceTree = "<group>"; };
		361009F928770E59003A8456 /* Book.swift */ = {isa = PBXFileReference; lastKnownFileType = sourcecode.swift; path = Book.swift; sourceTree = "<group>"; };
		361009FB28770E82003A8456 /* BookGenre.swift */ = {isa = PBXFileReference; lastKnownFileType = sourcecode.swift; path = BookGenre.swift; sourceTree = "<group>"; };
		361009FF287715B1003A8456 /* NetworkManager.swift */ = {isa = PBXFileReference; lastKnownFileType = sourcecode.swift; path = NetworkManager.swift; sourceTree = "<group>"; };
		36100A012877199E003A8456 /* BookStorage.swift */ = {isa = PBXFileReference; lastKnownFileType = sourcecode.swift; path = BookStorage.swift; sourceTree = "<group>"; };
/* End PBXFileReference section */

/* Begin PBXFrameworksBuildPhase section */
		361009DF28770E28003A8456 /* Frameworks */ = {
			isa = PBXFrameworksBuildPhase;
			buildActionMask = 2147483647;
			files = (
			);
			runOnlyForDeploymentPostprocessing = 0;
		};
/* End PBXFrameworksBuildPhase section */

/* Begin PBXGroup section */
		361009D928770E28003A8456 = {
			isa = PBXGroup;
			children = (
				361009E428770E28003A8456 /* challengeone */,
				361009E328770E28003A8456 /* Products */,
			);
			sourceTree = "<group>";
		};
		361009E328770E28003A8456 /* Products */ = {
			isa = PBXGroup;
			children = (
				361009E228770E28003A8456 /* challengeone.app */,
			);
			name = Products;
			sourceTree = "<group>";
		};
		361009E428770E28003A8456 /* challengeone */ = {
			isa = PBXGroup;
			children = (
				361009E528770E28003A8456 /* AppDelegate.swift */,
				361009E728770E28003A8456 /* SceneDelegate.swift */,
				361009F928770E59003A8456 /* Book.swift */,
				361009FB28770E82003A8456 /* BookGenre.swift */,
				36100A012877199E003A8456 /* BookStorage.swift */,
				361009FF287715B1003A8456 /* NetworkManager.swift */,
				361009E928770E28003A8456 /* ViewController.swift */,
				361009EB28770E28003A8456 /* Main.storyboard */,
				361009EE28770E2A003A8456 /* Assets.xcassets */,
				361009F028770E2A003A8456 /* LaunchScreen.storyboard */,
				361009F328770E2A003A8456 /* Info.plist */,
			);
			path = challengeone;
			sourceTree = "<group>";
		};
/* End PBXGroup section */

/* Begin PBXNativeTarget section */
		361009E128770E28003A8456 /* challengeone */ = {
			isa = PBXNativeTarget;
			buildConfigurationList = 361009F628770E2A003A8456 /* Build configuration list for PBXNativeTarget "challengeone" */;
			buildPhases = (
				361009DE28770E28003A8456 /* Sources */,
				361009DF28770E28003A8456 /* Frameworks */,
				361009E028770E28003A8456 /* Resources */,
			);
			buildRules = (
			);
			dependencies = (
			);
			name = challengeone;
			productName = challengeone;
			productReference = 361009E228770E28003A8456 /* challengeone.app */;
			productType = "com.apple.product-type.application";
		};
/* End PBXNativeTarget section */

/* Begin PBXProject section */
		361009DA28770E28003A8456 /* Project object */ = {
			isa = PBXProject;
			attributes = {
				BuildIndependentTargetsInParallel = 1;
				LastSwiftUpdateCheck = 1330;
				LastUpgradeCheck = 1330;
				TargetAttributes = {
					361009E128770E28003A8456 = {
						CreatedOnToolsVersion = 13.3.1;
					};
				};
			};
			buildConfigurationList = 361009DD28770E28003A8456 /* Build configuration list for PBXProject "challengeone" */;
			compatibilityVersion = "Xcode 13.0";
			developmentRegion = en;
			hasScannedForEncodings = 0;
			knownRegions = (
				en,
				Base,
			);
			mainGroup = 361009D928770E28003A8456;
			productRefGroup = 361009E328770E28003A8456 /* Products */;
			projectDirPath = "";
			projectRoot = "";
			targets = (
				361009E128770E28003A8456 /* challengeone */,
			);
		};
/* End PBXProject section */

/* Begin PBXResourcesBuildPhase section */
		361009E028770E28003A8456 /* Resources */ = {
			isa = PBXResourcesBuildPhase;
			buildActionMask = 2147483647;
			files = (
				361009F228770E2A003A8456 /* LaunchScreen.storyboard in Resources */,
				361009EF28770E2A003A8456 /* Assets.xcassets in Resources */,
				361009ED28770E28003A8456 /* Main.storyboard in Resources */,
			);
			runOnlyForDeploymentPostprocessing = 0;
		};
/* End PBXResourcesBuildPhase section */

/* Begin PBXSourcesBuildPhase section */
		361009DE28770E28003A8456 /* Sources */ = {
			isa = PBXSourcesBuildPhase;
			buildActionMask = 2147483647;
			files = (
				361009FA28770E59003A8456 /* Book.swift in Sources */,
				361009EA28770E28003A8456 /* ViewController.swift in Sources */,
				361009E628770E28003A8456 /* AppDelegate.swift in Sources */,
				36100A00287715B1003A8456 /* NetworkManager.swift in Sources */,
				36100A022877199E003A8456 /* BookStorage.swift in Sources */,
				361009E828770E28003A8456 /* SceneDelegate.swift in Sources */,
				361009FC28770E82003A8456 /* BookGenre.swift in Sources */,
			);
			runOnlyForDeploymentPostprocessing = 0;
		};
/* End PBXSourcesBuildPhase section */

/* Begin PBXVariantGroup section */
		361009EB28770E28003A8456 /* Main.storyboard */ = {
			isa = PBXVariantGroup;
			children = (
				361009EC28770E28003A8456 /* Base */,
			);
			name = Main.storyboard;
			sourceTree = "<group>";
		};
		361009F028770E2A003A8456 /* LaunchScreen.storyboard */ = {
			isa = PBXVariantGroup;
			children = (
				361009F128770E2A003A8456 /* Base */,
			);
			name = LaunchScreen.storyboard;
			sourceTree = "<group>";
		};
/* End PBXVariantGroup section */

/* Begin XCBuildConfiguration section */
		361009F428770E2A003A8456 /* Debug */ = {
			isa = XCBuildConfiguration;
			buildSettings = {
				ALWAYS_SEARCH_USER_PATHS = NO;
				CLANG_ANALYZER_NONNULL = YES;
				CLANG_ANALYZER_NUMBER_OBJECT_CONVERSION = YES_AGGRESSIVE;
				CLANG_CXX_LANGUAGE_STANDARD = "gnu++17";
				CLANG_ENABLE_MODULES = YES;
				CLANG_ENABLE_OBJC_ARC = YES;
				CLANG_ENABLE_OBJC_WEAK = YES;
				CLANG_WARN_BLOCK_CAPTURE_AUTORELEASING = YES;
				CLANG_WARN_BOOL_CONVERSION = YES;
				CLANG_WARN_COMMA = YES;
				CLANG_WARN_CONSTANT_CONVERSION = YES;
				CLANG_WARN_DEPRECATED_OBJC_IMPLEMENTATIONS = YES;
				CLANG_WARN_DIRECT_OBJC_ISA_USAGE = YES_ERROR;
				CLANG_WARN_DOCUMENTATION_COMMENTS = YES;
				CLANG_WARN_EMPTY_BODY = YES;
				CLANG_WARN_ENUM_CONVERSION = YES;
				CLANG_WARN_INFINITE_RECURSION = YES;
				CLANG_WARN_INT_CONVERSION = YES;
				CLANG_WARN_NON_LITERAL_NULL_CONVERSION = YES;
				CLANG_WARN_OBJC_IMPLICIT_RETAIN_SELF = YES;
				CLANG_WARN_OBJC_LITERAL_CONVERSION = YES;
				CLANG_WARN_OBJC_ROOT_CLASS = YES_ERROR;
				CLANG_WARN_QUOTED_INCLUDE_IN_FRAMEWORK_HEADER = YES;
				CLANG_WARN_RANGE_LOOP_ANALYSIS = YES;
				CLANG_WARN_STRICT_PROTOTYPES = YES;
				CLANG_WARN_SUSPICIOUS_MOVE = YES;
				CLANG_WARN_UNGUARDED_AVAILABILITY = YES_AGGRESSIVE;
				CLANG_WARN_UNREACHABLE_CODE = YES;
				CLANG_WARN__DUPLICATE_METHOD_MATCH = YES;
				COPY_PHASE_STRIP = NO;
				DEBUG_INFORMATION_FORMAT = dwarf;
				ENABLE_STRICT_OBJC_MSGSEND = YES;
				ENABLE_TESTABILITY = YES;
				GCC_C_LANGUAGE_STANDARD = gnu11;
				GCC_DYNAMIC_NO_PIC = NO;
				GCC_NO_COMMON_BLOCKS = YES;
				GCC_OPTIMIZATION_LEVEL = 0;
				GCC_PREPROCESSOR_DEFINITIONS = (
					"DEBUG=1",
					"$(inherited)",
				);
				GCC_WARN_64_TO_32_BIT_CONVERSION = YES;
				GCC_WARN_ABOUT_RETURN_TYPE = YES_ERROR;
				GCC_WARN_UNDECLARED_SELECTOR = YES;
				GCC_WARN_UNINITIALIZED_AUTOS = YES_AGGRESSIVE;
				GCC_WARN_UNUSED_FUNCTION = YES;
				GCC_WARN_UNUSED_VARIABLE = YES;
				IPHONEOS_DEPLOYMENT_TARGET = 15.4;
				MTL_ENABLE_DEBUG_INFO = INCLUDE_SOURCE;
				MTL_FAST_MATH = YES;
				ONLY_ACTIVE_ARCH = YES;
				SDKROOT = iphoneos;
				SWIFT_ACTIVE_COMPILATION_CONDITIONS = DEBUG;
				SWIFT_OPTIMIZATION_LEVEL = "-Onone";
			};
			name = Debug;
		};
		361009F528770E2A003A8456 /* Release */ = {
			isa = XCBuildConfiguration;
			buildSettings = {
				ALWAYS_SEARCH_USER_PATHS = NO;
				CLANG_ANALYZER_NONNULL = YES;
				CLANG_ANALYZER_NUMBER_OBJECT_CONVERSION = YES_AGGRESSIVE;
				CLANG_CXX_LANGUAGE_STANDARD = "gnu++17";
				CLANG_ENABLE_MODULES = YES;
				CLANG_ENABLE_OBJC_ARC = YES;
				CLANG_ENABLE_OBJC_WEAK = YES;
				CLANG_WARN_BLOCK_CAPTURE_AUTORELEASING = YES;
				CLANG_WARN_BOOL_CONVERSION = YES;
				CLANG_WARN_COMMA = YES;
				CLANG_WARN_CONSTANT_CONVERSION = YES;
				CLANG_WARN_DEPRECATED_OBJC_IMPLEMENTATIONS = YES;
				CLANG_WARN_DIRECT_OBJC_ISA_USAGE = YES_ERROR;
				CLANG_WARN_DOCUMENTATION_COMMENTS = YES;
				CLANG_WARN_EMPTY_BODY = YES;
				CLANG_WARN_ENUM_CONVERSION = YES;
				CLANG_WARN_INFINITE_RECURSION = YES;
				CLANG_WARN_INT_CONVERSION = YES;
				CLANG_WARN_NON_LITERAL_NULL_CONVERSION = YES;
				CLANG_WARN_OBJC_IMPLICIT_RETAIN_SELF = YES;
				CLANG_WARN_OBJC_LITERAL_CONVERSION = YES;
				CLANG_WARN_OBJC_ROOT_CLASS = YES_ERROR;
				CLANG_WARN_QUOTED_INCLUDE_IN_FRAMEWORK_HEADER = YES;
				CLANG_WARN_RANGE_LOOP_ANALYSIS = YES;
				CLANG_WARN_STRICT_PROTOTYPES = YES;
				CLANG_WARN_SUSPICIOUS_MOVE = YES;
				CLANG_WARN_UNGUARDED_AVAILABILITY = YES_AGGRESSIVE;
				CLANG_WARN_UNREACHABLE_CODE = YES;
				CLANG_WARN__DUPLICATE_METHOD_MATCH = YES;
				COPY_PHASE_STRIP = NO;
				DEBUG_INFORMATION_FORMAT = "dwarf-with-dsym";
				ENABLE_NS_ASSERTIONS = NO;
				ENABLE_STRICT_OBJC_MSGSEND = YES;
				GCC_C_LANGUAGE_STANDARD = gnu11;
				GCC_NO_COMMON_BLOCKS = YES;
				GCC_WARN_64_TO_32_BIT_CONVERSION = YES;
				GCC_WARN_ABOUT_RETURN_TYPE = YES_ERROR;
				GCC_WARN_UNDECLARED_SELECTOR = YES;
				GCC_WARN_UNINITIALIZED_AUTOS = YES_AGGRESSIVE;
				GCC_WARN_UNUSED_FUNCTION = YES;
				GCC_WARN_UNUSED_VARIABLE = YES;
				IPHONEOS_DEPLOYMENT_TARGET = 15.4;
				MTL_ENABLE_DEBUG_INFO = NO;
				MTL_FAST_MATH = YES;
				SDKROOT = iphoneos;
				SWIFT_COMPILATION_MODE = wholemodule;
				SWIFT_OPTIMIZATION_LEVEL = "-O";
				VALIDATE_PRODUCT = YES;
			};
			name = Release;
		};
		361009F728770E2A003A8456 /* Debug */ = {
			isa = XCBuildConfiguration;
			buildSettings = {
				ASSETCATALOG_COMPILER_APPICON_NAME = AppIcon;
				ASSETCATALOG_COMPILER_GLOBAL_ACCENT_COLOR_NAME = AccentColor;
				CODE_SIGN_STYLE = Automatic;
				CURRENT_PROJECT_VERSION = 1;
				DEVELOPMENT_TEAM = 74NEMUMYKN;
				GENERATE_INFOPLIST_FILE = YES;
				INFOPLIST_FILE = challengeone/Info.plist;
				INFOPLIST_KEY_UIApplicationSupportsIndirectInputEvents = YES;
				INFOPLIST_KEY_UILaunchStoryboardName = LaunchScreen;
				INFOPLIST_KEY_UIMainStoryboardFile = Main;
				INFOPLIST_KEY_UISupportedInterfaceOrientations_iPad = "UIInterfaceOrientationPortrait UIInterfaceOrientationPortraitUpsideDown UIInterfaceOrientationLandscapeLeft UIInterfaceOrientationLandscapeRight";
				INFOPLIST_KEY_UISupportedInterfaceOrientations_iPhone = "UIInterfaceOrientationPortrait UIInterfaceOrientationLandscapeLeft UIInterfaceOrientationLandscapeRight";
				LD_RUNPATH_SEARCH_PATHS = (
					"$(inherited)",
					"@executable_path/Frameworks",
				);
				MARKETING_VERSION = 1.0;
				PRODUCT_BUNDLE_IDENTIFIER = com.celes.challengeone;
				PRODUCT_NAME = "$(TARGET_NAME)";
				SWIFT_EMIT_LOC_STRINGS = YES;
				SWIFT_VERSION = 5.0;
				TARGETED_DEVICE_FAMILY = "1,2";
			};
			name = Debug;
		};
		361009F828770E2A003A8456 /* Release */ = {
			isa = XCBuildConfiguration;
			buildSettings = {
				ASSETCATALOG_COMPILER_APPICON_NAME = AppIcon;
				ASSETCATALOG_COMPILER_GLOBAL_ACCENT_COLOR_NAME = AccentColor;
				CODE_SIGN_STYLE = Automatic;
				CURRENT_PROJECT_VERSION = 1;
				DEVELOPMENT_TEAM = 74NEMUMYKN;
				GENERATE_INFOPLIST_FILE = YES;
				INFOPLIST_FILE = challengeone/Info.plist;
				INFOPLIST_KEY_UIApplicationSupportsIndirectInputEvents = YES;
				INFOPLIST_KEY_UILaunchStoryboardName = LaunchScreen;
				INFOPLIST_KEY_UIMainStoryboardFile = Main;
				INFOPLIST_KEY_UISupportedInterfaceOrientations_iPad = "UIInterfaceOrientationPortrait UIInterfaceOrientationPortraitUpsideDown UIInterfaceOrientationLandscapeLeft UIInterfaceOrientationLandscapeRight";
				INFOPLIST_KEY_UISupportedInterfaceOrientations_iPhone = "UIInterfaceOrientationPortrait UIInterfaceOrientationLandscapeLeft UIInterfaceOrientationLandscapeRight";
				LD_RUNPATH_SEARCH_PATHS = (
					"$(inherited)",
					"@executable_path/Frameworks",
				);
				MARKETING_VERSION = 1.0;
				PRODUCT_BUNDLE_IDENTIFIER = com.celes.challengeone;
				PRODUCT_NAME = "$(TARGET_NAME)";
				SWIFT_EMIT_LOC_STRINGS = YES;
				SWIFT_VERSION = 5.0;
				TARGETED_DEVICE_FAMILY = "1,2";
			};
			name = Release;
		};
/* End XCBuildConfiguration section */

/* Begin XCConfigurationList section */
		361009DD28770E28003A8456 /* Build configuration list for PBXProject "challengeone" */ = {
			isa = XCConfigurationList;
			buildConfigurations = (
				361009F428770E2A003A8456 /* Debug */,
				361009F528770E2A003A8456 /* Release */,
			);
			defaultConfigurationIsVisible = 0;
			defaultConfigurationName = Release;
		};
		361009F628770E2A003A8456 /* Build configuration list for PBXNativeTarget "challengeone" */ = {
			isa = XCConfigurationList;
			buildConfigurations = (
				361009F728770E2A003A8456 /* Debug */,
				361009F828770E2A003A8456 /* Release */,
			);
			defaultConfigurationIsVisible = 0;
			defaultConfigurationName = Release;
		};
/* End XCConfigurationList section */
	};
	rootObject = 361009DA28770E28003A8456 /* Project object */;
}
